
Microsoft Visual Studio Solution File, Format Version 12.00
# Visual Studio Version 17
VisualStudioVersion = 17.8.34330.188
MinimumVisualStudioVersion = 10.0.40219.1
Project("{8BC9CEB8-8B4A-11D0-8D11-00A0C91BC942}") = "bk", "bk\bk.vcxproj", "{8CE6EAA4-13D5-45F7-9899-881EFAC8358E}"
EndProject
Project("{8BC9CEB8-8B4A-11D0-8D11-00A0C91BC942}") = "imgui", "libs\imgui\imgui.vcxproj", "{ECB34EE2-4320-4837-B21E-C9C8C348F842}"
EndProject
Project("{8BC9CEB8-8B4A-11D0-8D11-00A0C91BC942}") = "glew_static", "libs\glew\build\vc15\glew_static.vcxproj", "{664E6F0D-6784-4760-9565-D54F8EB1EDF4}"
EndProject
Project("{8BC9CEB8-8B4A-11D0-8D11-00A0C91BC942}") = "freetype", "libs\freetype\builds\windows\vc2010\freetype.vcxproj", "{78B079BD-9FC7-4B9E-B4A6-96DA0F00248B}"
EndProject
Global
	GlobalSection(SolutionConfigurationPlatforms) = preSolution
		Debug Static|ARM64 = Debug Static|ARM64
		Debug Static|x64 = Debug Static|x64
		Debug Static|x86 = Debug Static|x86
		Debug|ARM64 = Debug|ARM64
		Debug|x64 = Debug|x64
		Debug|x86 = Debug|x86
		MinSizeRel|ARM64 = MinSizeRel|ARM64
		MinSizeRel|x64 = MinSizeRel|x64
		MinSizeRel|x86 = MinSizeRel|x86
		Release Static|ARM64 = Release Static|ARM64
		Release Static|x64 = Release Static|x64
		Release Static|x86 = Release Static|x86
		Release|ARM64 = Release|ARM64
		Release|x64 = Release|x64
		Release|x86 = Release|x86
		RelWithDebInfo|ARM64 = RelWithDebInfo|ARM64
		RelWithDebInfo|x64 = RelWithDebInfo|x64
		RelWithDebInfo|x86 = RelWithDebInfo|x86
	EndGlobalSection
	GlobalSection(ProjectConfigurationPlatforms) = postSolution
		{8CE6EAA4-13D5-45F7-9899-881EFAC8358E}.Debug Static|ARM64.ActiveCfg = Debug|x64
		{8CE6EAA4-13D5-45F7-9899-881EFAC8358E}.Debug Static|ARM64.Build.0 = Debug|x64
		{8CE6EAA4-13D5-45F7-9899-881EFAC8358E}.Debug Static|x64.ActiveCfg = Debug|x64
		{8CE6EAA4-13D5-45F7-9899-881EFAC8358E}.Debug Static|x64.Build.0 = Debug|x64
		{8CE6EAA4-13D5-45F7-9899-881EFAC8358E}.Debug Static|x86.ActiveCfg = Debug|Win32
		{8CE6EAA4-13D5-45F7-9899-881EFAC8358E}.Debug Static|x86.Build.0 = Debug|Win32
		{8CE6EAA4-13D5-45F7-9899-881EFAC8358E}.Debug|ARM64.ActiveCfg = Debug|x64
		{8CE6EAA4-13D5-45F7-9899-881EFAC8358E}.Debug|ARM64.Build.0 = Debug|x64
		{8CE6EAA4-13D5-45F7-9899-881EFAC8358E}.Debug|x64.ActiveCfg = Debug|x64
		{8CE6EAA4-13D5-45F7-9899-881EFAC8358E}.Debug|x64.Build.0 = Debug|x64
		{8CE6EAA4-13D5-45F7-9899-881EFAC8358E}.Debug|x86.ActiveCfg = Debug|Win32
		{8CE6EAA4-13D5-45F7-9899-881EFAC8358E}.Debug|x86.Build.0 = Debug|Win32
		{8CE6EAA4-13D5-45F7-9899-881EFAC8358E}.MinSizeRel|ARM64.ActiveCfg = Release|x64
		{8CE6EAA4-13D5-45F7-9899-881EFAC8358E}.MinSizeRel|ARM64.Build.0 = Release|x64
		{8CE6EAA4-13D5-45F7-9899-881EFAC8358E}.MinSizeRel|x64.ActiveCfg = Release|x64
		{8CE6EAA4-13D5-45F7-9899-881EFAC8358E}.MinSizeRel|x64.Build.0 = Release|x64
		{8CE6EAA4-13D5-45F7-9899-881EFAC8358E}.MinSizeRel|x86.ActiveCfg = Release|Win32
		{8CE6EAA4-13D5-45F7-9899-881EFAC8358E}.MinSizeRel|x86.Build.0 = Release|Win32
		{8CE6EAA4-13D5-45F7-9899-881EFAC8358E}.Release Static|ARM64.ActiveCfg = Release|x64
		{8CE6EAA4-13D5-45F7-9899-881EFAC8358E}.Release Static|ARM64.Build.0 = Release|x64
		{8CE6EAA4-13D5-45F7-9899-881EFAC8358E}.Release Static|x64.ActiveCfg = Release|x64
		{8CE6EAA4-13D5-45F7-9899-881EFAC8358E}.Release Static|x64.Build.0 = Release|x64
		{8CE6EAA4-13D5-45F7-9899-881EFAC8358E}.Release Static|x86.ActiveCfg = Release|Win32
		{8CE6EAA4-13D5-45F7-9899-881EFAC8358E}.Release Static|x86.Build.0 = Release|Win32
		{8CE6EAA4-13D5-45F7-9899-881EFAC8358E}.Release|ARM64.ActiveCfg = Release|x64
		{8CE6EAA4-13D5-45F7-9899-881EFAC8358E}.Release|ARM64.Build.0 = Release|x64
		{8CE6EAA4-13D5-45F7-9899-881EFAC8358E}.Release|x64.ActiveCfg = Release|x64
		{8CE6EAA4-13D5-45F7-9899-881EFAC8358E}.Release|x64.Build.0 = Release|x64
		{8CE6EAA4-13D5-45F7-9899-881EFAC8358E}.Release|x86.ActiveCfg = Release|Win32
		{8CE6EAA4-13D5-45F7-9899-881EFAC8358E}.Release|x86.Build.0 = Release|Win32
		{8CE6EAA4-13D5-45F7-9899-881EFAC8358E}.RelWithDebInfo|ARM64.ActiveCfg = Release|x64
		{8CE6EAA4-13D5-45F7-9899-881EFAC8358E}.RelWithDebInfo|ARM64.Build.0 = Release|x64
		{8CE6EAA4-13D5-45F7-9899-881EFAC8358E}.RelWithDebInfo|x64.ActiveCfg = Release|x64
		{8CE6EAA4-13D5-45F7-9899-881EFAC8358E}.RelWithDebInfo|x64.Build.0 = Release|x64
		{8CE6EAA4-13D5-45F7-9899-881EFAC8358E}.RelWithDebInfo|x86.ActiveCfg = Release|Win32
		{8CE6EAA4-13D5-45F7-9899-881EFAC8358E}.RelWithDebInfo|x86.Build.0 = Release|Win32
		{ECB34EE2-4320-4837-B21E-C9C8C348F842}.Debug Static|ARM64.ActiveCfg = Debug|x64
		{ECB34EE2-4320-4837-B21E-C9C8C348F842}.Debug Static|ARM64.Build.0 = Debug|x64
		{ECB34EE2-4320-4837-B21E-C9C8C348F842}.Debug Static|x64.ActiveCfg = Debug|x64
		{ECB34EE2-4320-4837-B21E-C9C8C348F842}.Debug Static|x64.Build.0 = Debug|x64
		{ECB34EE2-4320-4837-B21E-C9C8C348F842}.Debug Static|x86.ActiveCfg = Debug|Win32
		{ECB34EE2-4320-4837-B21E-C9C8C348F842}.Debug Static|x86.Build.0 = Debug|Win32
		{ECB34EE2-4320-4837-B21E-C9C8C348F842}.Debug|ARM64.ActiveCfg = Debug|x64
		{ECB34EE2-4320-4837-B21E-C9C8C348F842}.Debug|ARM64.Build.0 = Debug|x64
		{ECB34EE2-4320-4837-B21E-C9C8C348F842}.Debug|x64.ActiveCfg = Debug|x64
		{ECB34EE2-4320-4837-B21E-C9C8C348F842}.Debug|x64.Build.0 = Debug|x64
		{ECB34EE2-4320-4837-B21E-C9C8C348F842}.Debug|x86.ActiveCfg = Debug|Win32
		{ECB34EE2-4320-4837-B21E-C9C8C348F842}.Debug|x86.Build.0 = Debug|Win32
		{ECB34EE2-4320-4837-B21E-C9C8C348F842}.MinSizeRel|ARM64.ActiveCfg = Release|x64
		{ECB34EE2-4320-4837-B21E-C9C8C348F842}.MinSizeRel|ARM64.Build.0 = Release|x64
		{ECB34EE2-4320-4837-B21E-C9C8C348F842}.MinSizeRel|x64.ActiveCfg = Release|x64
		{ECB34EE2-4320-4837-B21E-C9C8C348F842}.MinSizeRel|x64.Build.0 = Release|x64
		{ECB34EE2-4320-4837-B21E-C9C8C348F842}.MinSizeRel|x86.ActiveCfg = Release|Win32
		{ECB34EE2-4320-4837-B21E-C9C8C348F842}.MinSizeRel|x86.Build.0 = Release|Win32
		{ECB34EE2-4320-4837-B21E-C9C8C348F842}.Release Static|ARM64.ActiveCfg = Release|x64
		{ECB34EE2-4320-4837-B21E-C9C8C348F842}.Release Static|ARM64.Build.0 = Release|x64
		{ECB34EE2-4320-4837-B21E-C9C8C348F842}.Release Static|x64.ActiveCfg = Release|x64
		{ECB34EE2-4320-4837-B21E-C9C8C348F842}.Release Static|x64.Build.0 = Release|x64
		{ECB34EE2-4320-4837-B21E-C9C8C348F842}.Release Static|x86.ActiveCfg = Release|Win32
		{ECB34EE2-4320-4837-B21E-C9C8C348F842}.Release Static|x86.Build.0 = Release|Win32
		{ECB34EE2-4320-4837-B21E-C9C8C348F842}.Release|ARM64.ActiveCfg = Release|x64
		{ECB34EE2-4320-4837-B21E-C9C8C348F842}.Release|ARM64.Build.0 = Release|x64
		{ECB34EE2-4320-4837-B21E-C9C8C348F842}.Release|x64.ActiveCfg = Release|x64
		{ECB34EE2-4320-4837-B21E-C9C8C348F842}.Release|x64.Build.0 = Release|x64
		{ECB34EE2-4320-4837-B21E-C9C8C348F842}.Release|x86.ActiveCfg = Release|Win32
		{ECB34EE2-4320-4837-B21E-C9C8C348F842}.Release|x86.Build.0 = Release|Win32
		{ECB34EE2-4320-4837-B21E-C9C8C348F842}.RelWithDebInfo|ARM64.ActiveCfg = Release|x64
		{ECB34EE2-4320-4837-B21E-C9C8C348F842}.RelWithDebInfo|ARM64.Build.0 = Release|x64
		{ECB34EE2-4320-4837-B21E-C9C8C348F842}.RelWithDebInfo|x64.ActiveCfg = Release|x64
		{ECB34EE2-4320-4837-B21E-C9C8C348F842}.RelWithDebInfo|x64.Build.0 = Release|x64
		{ECB34EE2-4320-4837-B21E-C9C8C348F842}.RelWithDebInfo|x86.ActiveCfg = Release|Win32
		{ECB34EE2-4320-4837-B21E-C9C8C348F842}.RelWithDebInfo|x86.Build.0 = Release|Win32
		{664E6F0D-6784-4760-9565-D54F8EB1EDF4}.Debug Static|ARM64.ActiveCfg = Debug|x64
		{664E6F0D-6784-4760-9565-D54F8EB1EDF4}.Debug Static|ARM64.Build.0 = Debug|x64
		{664E6F0D-6784-4760-9565-D54F8EB1EDF4}.Debug Static|x64.ActiveCfg = Debug|x64
		{664E6F0D-6784-4760-9565-D54F8EB1EDF4}.Debug Static|x64.Build.0 = Debug|x64
		{664E6F0D-6784-4760-9565-D54F8EB1EDF4}.Debug Static|x86.ActiveCfg = Debug|Win32
		{664E6F0D-6784-4760-9565-D54F8EB1EDF4}.Debug Static|x86.Build.0 = Debug|Win32
		{664E6F0D-6784-4760-9565-D54F8EB1EDF4}.Debug|ARM64.ActiveCfg = Debug|x64
		{664E6F0D-6784-4760-9565-D54F8EB1EDF4}.Debug|ARM64.Build.0 = Debug|x64
		{664E6F0D-6784-4760-9565-D54F8EB1EDF4}.Debug|x64.ActiveCfg = Debug|x64
		{664E6F0D-6784-4760-9565-D54F8EB1EDF4}.Debug|x64.Build.0 = Debug|x64
		{664E6F0D-6784-4760-9565-D54F8EB1EDF4}.Debug|x86.ActiveCfg = Debug|Win32
		{664E6F0D-6784-4760-9565-D54F8EB1EDF4}.Debug|x86.Build.0 = Debug|Win32
		{664E6F0D-6784-4760-9565-D54F8EB1EDF4}.MinSizeRel|ARM64.ActiveCfg = Release|x64
		{664E6F0D-6784-4760-9565-D54F8EB1EDF4}.MinSizeRel|ARM64.Build.0 = Release|x64
		{664E6F0D-6784-4760-9565-D54F8EB1EDF4}.MinSizeRel|x64.ActiveCfg = Debug|x64
		{664E6F0D-6784-4760-9565-D54F8EB1EDF4}.MinSizeRel|x64.Build.0 = Debug|x64
		{664E6F0D-6784-4760-9565-D54F8EB1EDF4}.MinSizeRel|x86.ActiveCfg = Debug|Win32
		{664E6F0D-6784-4760-9565-D54F8EB1EDF4}.MinSizeRel|x86.Build.0 = Debug|Win32
		{664E6F0D-6784-4760-9565-D54F8EB1EDF4}.Release Static|ARM64.ActiveCfg = Release|x64
		{664E6F0D-6784-4760-9565-D54F8EB1EDF4}.Release Static|ARM64.Build.0 = Release|x64
		{664E6F0D-6784-4760-9565-D54F8EB1EDF4}.Release Static|x64.ActiveCfg = Release|x64
		{664E6F0D-6784-4760-9565-D54F8EB1EDF4}.Release Static|x64.Build.0 = Release|x64
		{664E6F0D-6784-4760-9565-D54F8EB1EDF4}.Release Static|x86.ActiveCfg = Release|Win32
		{664E6F0D-6784-4760-9565-D54F8EB1EDF4}.Release Static|x86.Build.0 = Release|Win32
		{664E6F0D-6784-4760-9565-D54F8EB1EDF4}.Release|ARM64.ActiveCfg = Release|x64
		{664E6F0D-6784-4760-9565-D54F8EB1EDF4}.Release|ARM64.Build.0 = Release|x64
		{664E6F0D-6784-4760-9565-D54F8EB1EDF4}.Release|x64.ActiveCfg = Release|x64
		{664E6F0D-6784-4760-9565-D54F8EB1EDF4}.Release|x64.Build.0 = Release|x64
		{664E6F0D-6784-4760-9565-D54F8EB1EDF4}.Release|x86.ActiveCfg = Release|Win32
		{664E6F0D-6784-4760-9565-D54F8EB1EDF4}.Release|x86.Build.0 = Release|Win32
		{664E6F0D-6784-4760-9565-D54F8EB1EDF4}.RelWithDebInfo|ARM64.ActiveCfg = Release|x64
		{664E6F0D-6784-4760-9565-D54F8EB1EDF4}.RelWithDebInfo|ARM64.Build.0 = Release|x64
		{664E6F0D-6784-4760-9565-D54F8EB1EDF4}.RelWithDebInfo|x64.ActiveCfg = Release|x64
		{664E6F0D-6784-4760-9565-D54F8EB1EDF4}.RelWithDebInfo|x64.Build.0 = Release|x64
		{664E6F0D-6784-4760-9565-D54F8EB1EDF4}.RelWithDebInfo|x86.ActiveCfg = Release|Win32
		{664E6F0D-6784-4760-9565-D54F8EB1EDF4}.RelWithDebInfo|x86.Build.0 = Release|Win32
		{78B079BD-9FC7-4B9E-B4A6-96DA0F00248B}.Debug Static|ARM64.ActiveCfg = Debug Static|ARM64
		{78B079BD-9FC7-4B9E-B4A6-96DA0F00248B}.Debug Static|ARM64.Build.0 = Debug Static|ARM64
		{78B079BD-9FC7-4B9E-B4A6-96DA0F00248B}.Debug Static|x64.ActiveCfg = Debug Static|x64
		{78B079BD-9FC7-4B9E-B4A6-96DA0F00248B}.Debug Static|x64.Build.0 = Debug Static|x64
		{78B079BD-9FC7-4B9E-B4A6-96DA0F00248B}.Debug Static|x86.ActiveCfg = Debug Static|Win32
		{78B079BD-9FC7-4B9E-B4A6-96DA0F00248B}.Debug Static|x86.Build.0 = Debug Static|Win32
		{78B079BD-9FC7-4B9E-B4A6-96DA0F00248B}.Debug|ARM64.ActiveCfg = Debug|ARM64
		{78B079BD-9FC7-4B9E-B4A6-96DA0F00248B}.Debug|ARM64.Build.0 = Debug|ARM64
		{78B079BD-9FC7-4B9E-B4A6-96DA0F00248B}.Debug|x64.ActiveCfg = Debug|x64
		{78B079BD-9FC7-4B9E-B4A6-96DA0F00248B}.Debug|x64.Build.0 = Debug|x64
		{78B079BD-9FC7-4B9E-B4A6-96DA0F00248B}.Debug|x86.ActiveCfg = Debug|Win32
		{78B079BD-9FC7-4B9E-B4A6-96DA0F00248B}.Debug|x86.Build.0 = Debug|Win32
		{78B079BD-9FC7-4B9E-B4A6-96DA0F00248B}.MinSizeRel|ARM64.ActiveCfg = Release Static|ARM64
		{78B079BD-9FC7-4B9E-B4A6-96DA0F00248B}.MinSizeRel|ARM64.Build.0 = Release Static|ARM64
		{78B079BD-9FC7-4B9E-B4A6-96DA0F00248B}.MinSizeRel|x64.ActiveCfg = Release Static|x64
		{78B079BD-9FC7-4B9E-B4A6-96DA0F00248B}.MinSizeRel|x64.Build.0 = Release Static|x64
		{78B079BD-9FC7-4B9E-B4A6-96DA0F00248B}.MinSizeRel|x86.ActiveCfg = Debug|Win32
		{78B079BD-9FC7-4B9E-B4A6-96DA0F00248B}.MinSizeRel|x86.Build.0 = Debug|Win32
		{78B079BD-9FC7-4B9E-B4A6-96DA0F00248B}.Release Static|ARM64.ActiveCfg = Release Static|ARM64
		{78B079BD-9FC7-4B9E-B4A6-96DA0F00248B}.Release Static|ARM64.Build.0 = Release Static|ARM64
		{78B079BD-9FC7-4B9E-B4A6-96DA0F00248B}.Release Static|x64.ActiveCfg = Release Static|x64
		{78B079BD-9FC7-4B9E-B4A6-96DA0F00248B}.Release Static|x64.Build.0 = Release Static|x64
		{78B079BD-9FC7-4B9E-B4A6-96DA0F00248B}.Release Static|x86.ActiveCfg = Release Static|Win32
		{78B079BD-9FC7-4B9E-B4A6-96DA0F00248B}.Release Static|x86.Build.0 = Release Static|Win32
		{78B079BD-9FC7-4B9E-B4A6-96DA0F00248B}.Release|ARM64.ActiveCfg = Release|ARM64
		{78B079BD-9FC7-4B9E-B4A6-96DA0F00248B}.Release|ARM64.Build.0 = Release|ARM64
		{78B079BD-9FC7-4B9E-B4A6-96DA0F00248B}.Release|x64.ActiveCfg = Release|x64
		{78B079BD-9FC7-4B9E-B4A6-96DA0F00248B}.Release|x64.Build.0 = Release|x64
		{78B079BD-9FC7-4B9E-B4A6-96DA0F00248B}.Release|x86.ActiveCfg = Release|Win32
		{78B079BD-9FC7-4B9E-B4A6-96DA0F00248B}.Release|x86.Build.0 = Release|Win32
		{78B079BD-9FC7-4B9E-B4A6-96DA0F00248B}.RelWithDebInfo|ARM64.ActiveCfg = Release Static|ARM64
		{78B079BD-9FC7-4B9E-B4A6-96DA0F00248B}.RelWithDebInfo|ARM64.Build.0 = Release Static|ARM64
		{78B079BD-9FC7-4B9E-B4A6-96DA0F00248B}.RelWithDebInfo|x64.ActiveCfg = Release Static|x64
		{78B079BD-9FC7-4B9E-B4A6-96DA0F00248B}.RelWithDebInfo|x64.Build.0 = Release Static|x64
		{78B079BD-9FC7-4B9E-B4A6-96DA0F00248B}.RelWithDebInfo|x86.ActiveCfg = Release Static|Win32
		{78B079BD-9FC7-4B9E-B4A6-96DA0F00248B}.RelWithDebInfo|x86.Build.0 = Release Static|Win32
	EndGlobalSection
	GlobalSection(SolutionProperties) = preSolution
		HideSolutionNode = FALSE
	EndGlobalSection
	GlobalSection(ExtensibilityGlobals) = postSolution
		SolutionGuid = {6F519226-B040-4C1D-B431-1C46ED33C578}
	EndGlobalSection
EndGlobal
